
Microsoft Visual Studio Solution File, Format Version 12.00
# Visual Studio Version 17
VisualStudioVersion = 17.0.31903.59
MinimumVisualStudioVersion = 10.0.40219.1
Project("{FAE04EC0-301F-11D3-BF4B-00C04F79EFBC}") = "Triangles", "Triangles\Triangles.csproj", "{7E78EA99-FA20-40FF-819B-D78EF88DFB17}"
EndProject
Project("{FAE04EC0-301F-11D3-BF4B-00C04F79EFBC}") = "TrianglesTests", "TrianglesTests\TrianglesTests.csproj", "{9B3FC076-691B-4B6E-87F2-E076C001AA07}"
EndProject
Global
	GlobalSection(SolutionConfigurationPlatforms) = preSolution
		Debug|Any CPU = Debug|Any CPU
		Release|Any CPU = Release|Any CPU
	EndGlobalSection
	GlobalSection(SolutionProperties) = preSolution
		HideSolutionNode = FALSE
	EndGlobalSection
	GlobalSection(ProjectConfigurationPlatforms) = postSolution
		{7E78EA99-FA20-40FF-819B-D78EF88DFB17}.Debug|Any CPU.ActiveCfg = Debug|Any CPU
		{7E78EA99-FA20-40FF-819B-D78EF88DFB17}.Debug|Any CPU.Build.0 = Debug|Any CPU
		{7E78EA99-FA20-40FF-819B-D78EF88DFB17}.Release|Any CPU.ActiveCfg = Release|Any CPU
		{7E78EA99-FA20-40FF-819B-D78EF88DFB17}.Release|Any CPU.Build.0 = Release|Any CPU
		{9B3FC076-691B-4B6E-87F2-E076C001AA07}.Debug|Any CPU.ActiveCfg = Debug|Any CPU
		{9B3FC076-691B-4B6E-87F2-E076C001AA07}.Debug|Any CPU.Build.0 = Debug|Any CPU
		{9B3FC076-691B-4B6E-87F2-E076C001AA07}.Release|Any CPU.ActiveCfg = Release|Any CPU
		{9B3FC076-691B-4B6E-87F2-E076C001AA07}.Release|Any CPU.Build.0 = Release|Any CPU
	EndGlobalSection
EndGlobal
